
Microsoft Visual Studio Solution File, Format Version 12.00
# Visual Studio Version 17
VisualStudioVersion = 17.10.35027.167
MinimumVisualStudioVersion = 10.0.40219.1
Project("{FAE04EC0-301F-11D3-BF4B-00C04F79EFBC}") = "CashierApplication", "CashierApplication.csproj", "{2908D790-3647-4866-8D5B-06ACD3234FD7}"
EndProject
Global
	GlobalSection(SolutionConfigurationPlatforms) = preSolution
		Debug|Any CPU = Debug|Any CPU
		Release|Any CPU = Release|Any CPU
	EndGlobalSection
	GlobalSection(ProjectConfigurationPlatforms) = postSolution
		{2908D790-3647-4866-8D5B-06ACD3234FD7}.Debug|Any CPU.ActiveCfg = Debug|Any CPU
		{2908D790-3647-4866-8D5B-06ACD3234FD7}.Debug|Any CPU.Build.0 = Debug|Any CPU
		{2908D790-3647-4866-8D5B-06ACD3234FD7}.Release|Any CPU.ActiveCfg = Release|Any CPU
		{2908D790-3647-4866-8D5B-06ACD3234FD7}.Release|Any CPU.Build.0 = Release|Any CPU
	EndGlobalSection
	GlobalSection(SolutionProperties) = preSolution
		HideSolutionNode = FALSE
	EndGlobalSection
	GlobalSection(ExtensibilityGlobals) = postSolution
		SolutionGuid = {EFFF6CD0-F42B-412F-BA34-536853D906CC}
	EndGlobalSection
EndGlobal
